
Microsoft Visual Studio Solution File, Format Version 12.00
# Visual Studio Version 16
VisualStudioVersion = 16.0.31729.503
MinimumVisualStudioVersion = 10.0.40219.1
Project("{FAE04EC0-301F-11D3-BF4B-00C04F79EFBC}") = "FormControlsBlazorWasm", "FormControlsBlazorWasm\FormControlsBlazorWasm.csproj", "{CDADBCC2-3091-444F-A85F-743E93C32B7A}"
EndProject
Project("{FAE04EC0-301F-11D3-BF4B-00C04F79EFBC}") = "HTMLFormControls", "HTMLFormControls\HTMLFormControls.csproj", "{6F924B1A-97BF-4DFA-8365-2A49B46AB317}"
EndProject
Project("{FAE04EC0-301F-11D3-BF4B-00C04F79EFBC}") = "BlazorFormControls", "BlazorFormControls\BlazorFormControls.csproj", "{158C58B3-E47C-4B90-97FE-11BE29DF9E41}"
EndProject
Global
	GlobalSection(SolutionConfigurationPlatforms) = preSolution
		Debug|Any CPU = Debug|Any CPU
		Release|Any CPU = Release|Any CPU
	EndGlobalSection
	GlobalSection(ProjectConfigurationPlatforms) = postSolution
		{CDADBCC2-3091-444F-A85F-743E93C32B7A}.Debug|Any CPU.ActiveCfg = Debug|Any CPU
		{CDADBCC2-3091-444F-A85F-743E93C32B7A}.Debug|Any CPU.Build.0 = Debug|Any CPU
		{CDADBCC2-3091-444F-A85F-743E93C32B7A}.Release|Any CPU.ActiveCfg = Release|Any CPU
		{CDADBCC2-3091-444F-A85F-743E93C32B7A}.Release|Any CPU.Build.0 = Release|Any CPU
		{6F924B1A-97BF-4DFA-8365-2A49B46AB317}.Debug|Any CPU.ActiveCfg = Debug|Any CPU
		{6F924B1A-97BF-4DFA-8365-2A49B46AB317}.Debug|Any CPU.Build.0 = Debug|Any CPU
		{6F924B1A-97BF-4DFA-8365-2A49B46AB317}.Release|Any CPU.ActiveCfg = Release|Any CPU
		{6F924B1A-97BF-4DFA-8365-2A49B46AB317}.Release|Any CPU.Build.0 = Release|Any CPU
		{158C58B3-E47C-4B90-97FE-11BE29DF9E41}.Debug|Any CPU.ActiveCfg = Debug|Any CPU
		{158C58B3-E47C-4B90-97FE-11BE29DF9E41}.Debug|Any CPU.Build.0 = Debug|Any CPU
		{158C58B3-E47C-4B90-97FE-11BE29DF9E41}.Release|Any CPU.ActiveCfg = Release|Any CPU
		{158C58B3-E47C-4B90-97FE-11BE29DF9E41}.Release|Any CPU.Build.0 = Release|Any CPU
	EndGlobalSection
	GlobalSection(SolutionProperties) = preSolution
		HideSolutionNode = FALSE
	EndGlobalSection
	GlobalSection(ExtensibilityGlobals) = postSolution
		SolutionGuid = {2DD14EB4-594F-4EF0-941C-0EBDF15B11ED}
	EndGlobalSection
EndGlobal
